
Microsoft Visual Studio Solution File, Format Version 12.00
# Visual Studio Version 17
VisualStudioVersion = 17.14.36414.22
MinimumVisualStudioVersion = 10.0.40219.1
Project("{FAE04EC0-301F-11D3-BF4B-00C04F79EFBC}") = "AdventureWorks.Enterprise.Api", "AdventureWorks.Enterprise.Api\AdventureWorks.Enterprise.Api.csproj", "{4A63F306-A841-421E-83B3-09ED2238948B}"
EndProject
Project("{2150E333-8FDC-42A3-9474-1A3956D46DE8}") = ".github", ".github", "{02EA681E-C7D8-13C7-8484-4AC65E1B71E8}"
	ProjectSection(SolutionItems) = preProject
		copilot-instructions.md = copilot-instructions.md
	EndProjectSection
EndProject
Project("{FAE04EC0-301F-11D3-BF4B-00C04F79EFBC}") = "AdventureWorks.Enterprise.WebApp", "AdventureWorks.Enterprise.WebApp\AdventureWorks.Enterprise.WebApp.csproj", "{92962C74-7924-4B1F-9ADB-CD5F3A75EC41}"
EndProject
Project("{FAE04EC0-301F-11D3-BF4B-00C04F79EFBC}") = "AdventureWorks.Enterprise.Api.Tests", "AdventureWorks.Enterprise.Api.Tests\AdventureWorks.Enterprise.Api.Tests.csproj", "{8F91BA72-502B-4677-BAEC-9788982F7573}"
EndProject
Project("{2150E333-8FDC-42A3-9474-1A3956D46DE8}") = "Elementos de la solución", "Elementos de la solución", "{D107F4C8-89CC-BEA8-D3D7-CA6B7733353D}"
	ProjectSection(SolutionItems) = preProject
		PROMPTS.md = PROMPTS.md
		TECHNICAL_DOC.md = TECHNICAL_DOC.md
		USER_GUIDE.md = USER_GUIDE.md
	EndProjectSection
EndProject
Global
	GlobalSection(SolutionConfigurationPlatforms) = preSolution
		Debug|Any CPU = Debug|Any CPU
		Release|Any CPU = Release|Any CPU
	EndGlobalSection
	GlobalSection(ProjectConfigurationPlatforms) = postSolution
		{4A63F306-A841-421E-83B3-09ED2238948B}.Debug|Any CPU.ActiveCfg = Debug|Any CPU
		{4A63F306-A841-421E-83B3-09ED2238948B}.Debug|Any CPU.Build.0 = Debug|Any CPU
		{4A63F306-A841-421E-83B3-09ED2238948B}.Release|Any CPU.ActiveCfg = Release|Any CPU
		{4A63F306-A841-421E-83B3-09ED2238948B}.Release|Any CPU.Build.0 = Release|Any CPU
		{92962C74-7924-4B1F-9ADB-CD5F3A75EC41}.Debug|Any CPU.ActiveCfg = Debug|Any CPU
		{92962C74-7924-4B1F-9ADB-CD5F3A75EC41}.Debug|Any CPU.Build.0 = Debug|Any CPU
		{92962C74-7924-4B1F-9ADB-CD5F3A75EC41}.Release|Any CPU.ActiveCfg = Release|Any CPU
		{92962C74-7924-4B1F-9ADB-CD5F3A75EC41}.Release|Any CPU.Build.0 = Release|Any CPU
		{8F91BA72-502B-4677-BAEC-9788982F7573}.Debug|Any CPU.ActiveCfg = Debug|Any CPU
		{8F91BA72-502B-4677-BAEC-9788982F7573}.Debug|Any CPU.Build.0 = Debug|Any CPU
		{8F91BA72-502B-4677-BAEC-9788982F7573}.Release|Any CPU.ActiveCfg = Release|Any CPU
		{8F91BA72-502B-4677-BAEC-9788982F7573}.Release|Any CPU.Build.0 = Release|Any CPU
	EndGlobalSection
	GlobalSection(SolutionProperties) = preSolution
		HideSolutionNode = FALSE
	EndGlobalSection
	GlobalSection(ExtensibilityGlobals) = postSolution
		SolutionGuid = {AEBFE8BE-7CD4-4453-A18C-87EE0F9C3CA0}
	EndGlobalSection
EndGlobal
